{
  "name": "plugin-template",
  "lockfileVersion": 2,
  "requires": true,
  "packages": {
    "": {
      "devDependencies": {
        "clounge": "https://gitpkg.now.sh/ndbaker1/clounge/clounge?main",
        "typescript": "^4.9.4"
      }
    },
    "node_modules/clounge": {
      "version": "1.0.0",
      "resolved": "https://gitpkg.now.sh/ndbaker1/clounge/clounge?main",
      "integrity": "sha512-KZp1F3BA8zfCcrvMQNvrW6xZTug6zI1rOq76wAJQJGpWcH/zyynCLCy8hg7fl2g80K3KLaSf3jpayVTmn5ihiA==",
      "dev": true
    },
    "node_modules/typescript": {
      "version": "4.9.4",
      "resolved": "https://registry.npmjs.org/typescript/-/typescript-4.9.4.tgz",
      "integrity": "sha512-Uz+dTXYzxXXbsFpM86Wh3dKCxrQqUcVMxwU54orwlJjOpO3ao8L7j5lH+dWfTwgCwIuM9GQ2kvVotzYJMXTBZg==",
      "dev": true,
      "bin": {
        "tsc": "bin/tsc",
        "tsserver": "bin/tsserver"
      },
      "engines": {
        "node": ">=4.2.0"
      }
    }
  },
  "dependencies": {
    "clounge": {
      "version": "https://gitpkg.now.sh/ndbaker1/clounge/clounge?main",
      "integrity": "sha512-KZp1F3BA8zfCcrvMQNvrW6xZTug6zI1rOq76wAJQJGpWcH/zyynCLCy8hg7fl2g80K3KLaSf3jpayVTmn5ihiA==",
      "dev": true
    },
    "typescript": {
      "version": "4.9.4",
      "resolved": "https://registry.npmjs.org/typescript/-/typescript-4.9.4.tgz",
      "integrity": "sha512-Uz+dTXYzxXXbsFpM86Wh3dKCxrQqUcVMxwU54orwlJjOpO3ao8L7j5lH+dWfTwgCwIuM9GQ2kvVotzYJMXTBZg==",
      "dev": true
    }
  }
}
